
Microsoft Visual Studio Solution File, Format Version 12.00
# Visual Studio Version 17
VisualStudioVersion = 17.3.32819.101
MinimumVisualStudioVersion = 10.0.40219.1
Project("{FAE04EC0-301F-11D3-BF4B-00C04F79EFBC}") = "Hubtel.Wallets.Api", "Hubtel.Wallets.Api\Hubtel.Wallets.Api.csproj", "{37436CAC-BBB9-46A0-933D-2B4DD604CBD9}"
EndProject
Global
	GlobalSection(SolutionConfigurationPlatforms) = preSolution
		Debug|Any CPU = Debug|Any CPU
		Release|Any CPU = Release|Any CPU
	EndGlobalSection
	GlobalSection(ProjectConfigurationPlatforms) = postSolution
		{37436CAC-BBB9-46A0-933D-2B4DD604CBD9}.Debug|Any CPU.ActiveCfg = Debug|Any CPU
		{37436CAC-BBB9-46A0-933D-2B4DD604CBD9}.Debug|Any CPU.Build.0 = Debug|Any CPU
		{37436CAC-BBB9-46A0-933D-2B4DD604CBD9}.Release|Any CPU.ActiveCfg = Release|Any CPU
		{37436CAC-BBB9-46A0-933D-2B4DD604CBD9}.Release|Any CPU.Build.0 = Release|Any CPU
	EndGlobalSection
	GlobalSection(SolutionProperties) = preSolution
		HideSolutionNode = FALSE
	EndGlobalSection
	GlobalSection(ExtensibilityGlobals) = postSolution
		SolutionGuid = {E63D6CCC-34EB-418A-BE9F-092E7140A2E6}
	EndGlobalSection
EndGlobal
